
Microsoft Visual Studio Solution File, Format Version 12.00
Project("{FAE04EC0-301F-11D3-BF4B-00C04F79EFBC}") = "AuditLog", "AuditLog\AuditLog.csproj", "{5CA2F07D-251D-4862-B392-A574019F5BA3}"
EndProject
Project("{FAE04EC0-301F-11D3-BF4B-00C04F79EFBC}") = "AuditLog.Test", "AuditLog.Test\AuditLog.Test.csproj", "{354009E2-7A5F-4951-A017-216F3CBAE3C2}"
EndProject
Project("{FAE04EC0-301F-11D3-BF4B-00C04F79EFBC}") = "AuditLog.Abstractions", "AuditLog.Abstractions\AuditLog.Abstractions.csproj", "{E4F86A15-35D3-4D45-9853-9A1C12F7A0B9}"
EndProject
Project("{FAE04EC0-301F-11D3-BF4B-00C04F79EFBC}") = "AuditLog.Domain", "AuditLog.Domain\AuditLog.Domain.csproj", "{5E6E3D31-00FC-462A-98E1-30A505C8A855}"
EndProject
Project("{FAE04EC0-301F-11D3-BF4B-00C04F79EFBC}") = "AuditLog.DAL", "AuditLog.DAL\AuditLog.DAL.csproj", "{5998F12B-1719-406A-9820-75382749656C}"
EndProject
Project("{FAE04EC0-301F-11D3-BF4B-00C04F79EFBC}") = "AuditLog.DAL.Test", "AuditLog.DAL.Test\AuditLog.DAL.Test.csproj", "{33CE1805-9C68-432F-A6F1-874FB8FB1A5D}"
EndProject
Project("{FAE04EC0-301F-11D3-BF4B-00C04F79EFBC}") = "AuditLog.ConsoleClient", "AuditLog.ConsoleClient\AuditLog.ConsoleClient.csproj", "{09DAFFDA-E55E-4CA2-9425-F083B9994719}"
EndProject
Project("{FAE04EC0-301F-11D3-BF4B-00C04F79EFBC}") = "AuditLog.IntegrationTest", "AuditLog.IntegrationTest\AuditLog.IntegrationTest.csproj", "{EE34B2FD-A7F8-4868-8AAB-84390B835EAC}"
EndProject
Global
	GlobalSection(SolutionConfigurationPlatforms) = preSolution
		Debug|Any CPU = Debug|Any CPU
		Release|Any CPU = Release|Any CPU
	EndGlobalSection
	GlobalSection(ProjectConfigurationPlatforms) = postSolution
		{5CA2F07D-251D-4862-B392-A574019F5BA3}.Debug|Any CPU.ActiveCfg = Debug|Any CPU
		{5CA2F07D-251D-4862-B392-A574019F5BA3}.Debug|Any CPU.Build.0 = Debug|Any CPU
		{5CA2F07D-251D-4862-B392-A574019F5BA3}.Release|Any CPU.ActiveCfg = Release|Any CPU
		{5CA2F07D-251D-4862-B392-A574019F5BA3}.Release|Any CPU.Build.0 = Release|Any CPU
		{354009E2-7A5F-4951-A017-216F3CBAE3C2}.Debug|Any CPU.ActiveCfg = Debug|Any CPU
		{354009E2-7A5F-4951-A017-216F3CBAE3C2}.Debug|Any CPU.Build.0 = Debug|Any CPU
		{354009E2-7A5F-4951-A017-216F3CBAE3C2}.Release|Any CPU.ActiveCfg = Release|Any CPU
		{354009E2-7A5F-4951-A017-216F3CBAE3C2}.Release|Any CPU.Build.0 = Release|Any CPU
		{E4F86A15-35D3-4D45-9853-9A1C12F7A0B9}.Debug|Any CPU.ActiveCfg = Debug|Any CPU
		{E4F86A15-35D3-4D45-9853-9A1C12F7A0B9}.Debug|Any CPU.Build.0 = Debug|Any CPU
		{E4F86A15-35D3-4D45-9853-9A1C12F7A0B9}.Release|Any CPU.ActiveCfg = Release|Any CPU
		{E4F86A15-35D3-4D45-9853-9A1C12F7A0B9}.Release|Any CPU.Build.0 = Release|Any CPU
		{5E6E3D31-00FC-462A-98E1-30A505C8A855}.Debug|Any CPU.ActiveCfg = Debug|Any CPU
		{5E6E3D31-00FC-462A-98E1-30A505C8A855}.Debug|Any CPU.Build.0 = Debug|Any CPU
		{5E6E3D31-00FC-462A-98E1-30A505C8A855}.Release|Any CPU.ActiveCfg = Release|Any CPU
		{5E6E3D31-00FC-462A-98E1-30A505C8A855}.Release|Any CPU.Build.0 = Release|Any CPU
		{5998F12B-1719-406A-9820-75382749656C}.Debug|Any CPU.ActiveCfg = Debug|Any CPU
		{5998F12B-1719-406A-9820-75382749656C}.Debug|Any CPU.Build.0 = Debug|Any CPU
		{5998F12B-1719-406A-9820-75382749656C}.Release|Any CPU.ActiveCfg = Release|Any CPU
		{5998F12B-1719-406A-9820-75382749656C}.Release|Any CPU.Build.0 = Release|Any CPU
		{33CE1805-9C68-432F-A6F1-874FB8FB1A5D}.Debug|Any CPU.ActiveCfg = Debug|Any CPU
		{33CE1805-9C68-432F-A6F1-874FB8FB1A5D}.Debug|Any CPU.Build.0 = Debug|Any CPU
		{33CE1805-9C68-432F-A6F1-874FB8FB1A5D}.Release|Any CPU.ActiveCfg = Release|Any CPU
		{33CE1805-9C68-432F-A6F1-874FB8FB1A5D}.Release|Any CPU.Build.0 = Release|Any CPU
		{09DAFFDA-E55E-4CA2-9425-F083B9994719}.Debug|Any CPU.ActiveCfg = Debug|Any CPU
		{09DAFFDA-E55E-4CA2-9425-F083B9994719}.Debug|Any CPU.Build.0 = Debug|Any CPU
		{09DAFFDA-E55E-4CA2-9425-F083B9994719}.Release|Any CPU.ActiveCfg = Release|Any CPU
		{09DAFFDA-E55E-4CA2-9425-F083B9994719}.Release|Any CPU.Build.0 = Release|Any CPU
		{EE34B2FD-A7F8-4868-8AAB-84390B835EAC}.Debug|Any CPU.ActiveCfg = Debug|Any CPU
		{EE34B2FD-A7F8-4868-8AAB-84390B835EAC}.Debug|Any CPU.Build.0 = Debug|Any CPU
		{EE34B2FD-A7F8-4868-8AAB-84390B835EAC}.Release|Any CPU.ActiveCfg = Release|Any CPU
		{EE34B2FD-A7F8-4868-8AAB-84390B835EAC}.Release|Any CPU.Build.0 = Release|Any CPU
	EndGlobalSection
EndGlobal
